
Microsoft Visual Studio Solution File, Format Version 12.00
# Visual Studio Version 16
VisualStudioVersion = 16.0.29806.167
MinimumVisualStudioVersion = 15.0.26124.0
Project("{2150E333-8FDC-42A3-9474-1A3956D46DE8}") = "src", "src", "{8D777D02-43F8-4139-BFF4-96C5D61A49A8}"
	ProjectSection(SolutionItems) = preProject
		Client Versions.txt = Client Versions.txt
	EndProjectSection
EndProject
Project("{9A19103F-16F7-4668-BE54-9A1E7A4F7556}") = "Comet.Account", "src\Comet.Account\Comet.Account.csproj", "{3B4B4C3B-5B5F-4CDE-8A08-ECCF3CAE0ECE}"
EndProject
Project("{9A19103F-16F7-4668-BE54-9A1E7A4F7556}") = "Comet.Game", "src\Comet.Game\Comet.Game.csproj", "{7A6CC874-F669-4DA8-86B3-F526893170F9}"
EndProject
Project("{9A19103F-16F7-4668-BE54-9A1E7A4F7556}") = "Comet.Network", "src\Comet.Network\Comet.Network.csproj", "{AE65C717-2C6D-4657-BE96-672ABF5A4724}"
EndProject
Project("{9A19103F-16F7-4668-BE54-9A1E7A4F7556}") = "Comet.Core", "src\Comet.Core\Comet.Core.csproj", "{8F7D9D60-5E68-4578-BA2B-893180C36DDE}"
EndProject
Project("{2150E333-8FDC-42A3-9474-1A3956D46DE8}") = "tests", "tests", "{908B098A-4410-4F12-8BE5-40489F5B027B}"
EndProject
Project("{9A19103F-16F7-4668-BE54-9A1E7A4F7556}") = "Comet.Core.Tests", "tests\Comet.Core.Tests\Comet.Core.Tests.csproj", "{2F42EA57-AC98-47F1-A00F-1F442F4C506A}"
EndProject
Project("{9A19103F-16F7-4668-BE54-9A1E7A4F7556}") = "Comet.Network.Tests", "tests\Comet.Network.Tests\Comet.Network.Tests.csproj", "{C81DACA7-32F9-483A-BA3A-34C48E31C3D5}"
EndProject
Project("{9A19103F-16F7-4668-BE54-9A1E7A4F7556}") = "Comet.Account.Tests", "tests\Comet.Account.Tests\Comet.Account.Tests.csproj", "{F9487AFC-C15B-4026-9199-EDEAE1809C4B}"
EndProject
Project("{9A19103F-16F7-4668-BE54-9A1E7A4F7556}") = "Comet.Shared", "src\Comet.Shared\Comet.Shared.csproj", "{83EFAE67-FB03-4A6A-8A08-2628AEDD9C7C}"
EndProject
Project("{2150E333-8FDC-42A3-9474-1A3956D46DE8}") = "sql", "sql", "{FA6B5995-7C50-482D-9E46-730B14ED997C}"
	ProjectSection(SolutionItems) = preProject
		sql\ArtisanOu.sql = sql\ArtisanOu.sql
		sql\comet.account.sql = sql\comet.account.sql
		sql\comet.game.sql = sql\comet.game.sql
		sql\Conductress.sql = sql\Conductress.sql
		sql\Events IDs.txt = sql\Events IDs.txt
		sql\GuildDirector.sql = sql\GuildDirector.sql
		sql\GuruTodd.sql = sql\GuruTodd.sql
	EndProjectSection
EndProject
Project("{2150E333-8FDC-42A3-9474-1A3956D46DE8}") = "web", "web", "{B4AAF119-4A1C-4E4E-A7E8-1F41FA59484D}"
EndProject
Project("{9A19103F-16F7-4668-BE54-9A1E7A4F7556}") = "Comet.Service", "src\Comet.Service\Comet.Service.csproj", "{3BCFF245-F839-45DB-8F82-18DBBB05B060}"
EndProject
Global
	GlobalSection(SolutionConfigurationPlatforms) = preSolution
		Debug (x64)|x64 = Debug (x64)|x64
		Release (x64)|x64 = Release (x64)|x64
	EndGlobalSection
	GlobalSection(ProjectConfigurationPlatforms) = postSolution
		{3B4B4C3B-5B5F-4CDE-8A08-ECCF3CAE0ECE}.Debug (x64)|x64.ActiveCfg = Debug|Any CPU
		{3B4B4C3B-5B5F-4CDE-8A08-ECCF3CAE0ECE}.Debug (x64)|x64.Build.0 = Debug|Any CPU
		{3B4B4C3B-5B5F-4CDE-8A08-ECCF3CAE0ECE}.Release (x64)|x64.ActiveCfg = Release|Any CPU
		{3B4B4C3B-5B5F-4CDE-8A08-ECCF3CAE0ECE}.Release (x64)|x64.Build.0 = Release|Any CPU
		{7A6CC874-F669-4DA8-86B3-F526893170F9}.Debug (x64)|x64.ActiveCfg = Debug|Any CPU
		{7A6CC874-F669-4DA8-86B3-F526893170F9}.Debug (x64)|x64.Build.0 = Debug|Any CPU
		{7A6CC874-F669-4DA8-86B3-F526893170F9}.Release (x64)|x64.ActiveCfg = Release|Any CPU
		{7A6CC874-F669-4DA8-86B3-F526893170F9}.Release (x64)|x64.Build.0 = Release|Any CPU
		{AE65C717-2C6D-4657-BE96-672ABF5A4724}.Debug (x64)|x64.ActiveCfg = Debug|Any CPU
		{AE65C717-2C6D-4657-BE96-672ABF5A4724}.Debug (x64)|x64.Build.0 = Debug|Any CPU
		{AE65C717-2C6D-4657-BE96-672ABF5A4724}.Release (x64)|x64.ActiveCfg = Release|Any CPU
		{AE65C717-2C6D-4657-BE96-672ABF5A4724}.Release (x64)|x64.Build.0 = Release|Any CPU
		{8F7D9D60-5E68-4578-BA2B-893180C36DDE}.Debug (x64)|x64.ActiveCfg = Debug|Any CPU
		{8F7D9D60-5E68-4578-BA2B-893180C36DDE}.Debug (x64)|x64.Build.0 = Debug|Any CPU
		{8F7D9D60-5E68-4578-BA2B-893180C36DDE}.Release (x64)|x64.ActiveCfg = Release|Any CPU
		{8F7D9D60-5E68-4578-BA2B-893180C36DDE}.Release (x64)|x64.Build.0 = Release|Any CPU
		{2F42EA57-AC98-47F1-A00F-1F442F4C506A}.Debug (x64)|x64.ActiveCfg = Debug|Any CPU
		{2F42EA57-AC98-47F1-A00F-1F442F4C506A}.Debug (x64)|x64.Build.0 = Debug|Any CPU
		{2F42EA57-AC98-47F1-A00F-1F442F4C506A}.Release (x64)|x64.ActiveCfg = Release|Any CPU
		{2F42EA57-AC98-47F1-A00F-1F442F4C506A}.Release (x64)|x64.Build.0 = Release|Any CPU
		{C81DACA7-32F9-483A-BA3A-34C48E31C3D5}.Debug (x64)|x64.ActiveCfg = Debug|Any CPU
		{C81DACA7-32F9-483A-BA3A-34C48E31C3D5}.Debug (x64)|x64.Build.0 = Debug|Any CPU
		{C81DACA7-32F9-483A-BA3A-34C48E31C3D5}.Release (x64)|x64.ActiveCfg = Release|Any CPU
		{C81DACA7-32F9-483A-BA3A-34C48E31C3D5}.Release (x64)|x64.Build.0 = Release|Any CPU
		{F9487AFC-C15B-4026-9199-EDEAE1809C4B}.Debug (x64)|x64.ActiveCfg = Debug|Any CPU
		{F9487AFC-C15B-4026-9199-EDEAE1809C4B}.Debug (x64)|x64.Build.0 = Debug|Any CPU
		{F9487AFC-C15B-4026-9199-EDEAE1809C4B}.Release (x64)|x64.ActiveCfg = Release|Any CPU
		{F9487AFC-C15B-4026-9199-EDEAE1809C4B}.Release (x64)|x64.Build.0 = Release|Any CPU
		{83EFAE67-FB03-4A6A-8A08-2628AEDD9C7C}.Debug (x64)|x64.ActiveCfg = Debug|Any CPU
		{83EFAE67-FB03-4A6A-8A08-2628AEDD9C7C}.Debug (x64)|x64.Build.0 = Debug|Any CPU
		{83EFAE67-FB03-4A6A-8A08-2628AEDD9C7C}.Release (x64)|x64.ActiveCfg = Release|Any CPU
		{83EFAE67-FB03-4A6A-8A08-2628AEDD9C7C}.Release (x64)|x64.Build.0 = Release|Any CPU
		{3BCFF245-F839-45DB-8F82-18DBBB05B060}.Debug (x64)|x64.ActiveCfg = Debug|Any CPU
		{3BCFF245-F839-45DB-8F82-18DBBB05B060}.Debug (x64)|x64.Build.0 = Debug|Any CPU
		{3BCFF245-F839-45DB-8F82-18DBBB05B060}.Release (x64)|x64.ActiveCfg = Release|Any CPU
		{3BCFF245-F839-45DB-8F82-18DBBB05B060}.Release (x64)|x64.Build.0 = Release|Any CPU
	EndGlobalSection
	GlobalSection(SolutionProperties) = preSolution
		HideSolutionNode = FALSE
	EndGlobalSection
	GlobalSection(NestedProjects) = preSolution
		{3B4B4C3B-5B5F-4CDE-8A08-ECCF3CAE0ECE} = {8D777D02-43F8-4139-BFF4-96C5D61A49A8}
		{7A6CC874-F669-4DA8-86B3-F526893170F9} = {8D777D02-43F8-4139-BFF4-96C5D61A49A8}
		{AE65C717-2C6D-4657-BE96-672ABF5A4724} = {8D777D02-43F8-4139-BFF4-96C5D61A49A8}
		{8F7D9D60-5E68-4578-BA2B-893180C36DDE} = {8D777D02-43F8-4139-BFF4-96C5D61A49A8}
		{2F42EA57-AC98-47F1-A00F-1F442F4C506A} = {908B098A-4410-4F12-8BE5-40489F5B027B}
		{C81DACA7-32F9-483A-BA3A-34C48E31C3D5} = {908B098A-4410-4F12-8BE5-40489F5B027B}
		{F9487AFC-C15B-4026-9199-EDEAE1809C4B} = {908B098A-4410-4F12-8BE5-40489F5B027B}
		{83EFAE67-FB03-4A6A-8A08-2628AEDD9C7C} = {8D777D02-43F8-4139-BFF4-96C5D61A49A8}
		{3BCFF245-F839-45DB-8F82-18DBBB05B060} = {8D777D02-43F8-4139-BFF4-96C5D61A49A8}
	EndGlobalSection
	GlobalSection(ExtensibilityGlobals) = postSolution
		SolutionGuid = {A8305219-BDBB-4FF3-96C4-E25E6A8B4416}
	EndGlobalSection
EndGlobal
